
Microsoft Visual Studio Solution File, Format Version 12.00
# Visual Studio Version 17
VisualStudioVersion = 17.6.33712.159
MinimumVisualStudioVersion = 10.0.40219.1
Project("{8BC9CEB8-8B4A-11D0-8D11-00A0C91BC942}") = "IntQueueSample", "IntQueueSample\IntQueueSample.vcxproj", "{7D1AA0F0-3EB7-430D-8CDE-9F83154323CF}"
EndProject
Global
	GlobalSection(SolutionConfigurationPlatforms) = preSolution
		Debug|x64 = Debug|x64
		Debug|x86 = Debug|x86
		Release|x64 = Release|x64
		Release|x86 = Release|x86
	EndGlobalSection
	GlobalSection(ProjectConfigurationPlatforms) = postSolution
		{7D1AA0F0-3EB7-430D-8CDE-9F83154323CF}.Debug|x64.ActiveCfg = Debug|x64
		{7D1AA0F0-3EB7-430D-8CDE-9F83154323CF}.Debug|x64.Build.0 = Debug|x64
		{7D1AA0F0-3EB7-430D-8CDE-9F83154323CF}.Debug|x86.ActiveCfg = Debug|Win32
		{7D1AA0F0-3EB7-430D-8CDE-9F83154323CF}.Debug|x86.Build.0 = Debug|Win32
		{7D1AA0F0-3EB7-430D-8CDE-9F83154323CF}.Release|x64.ActiveCfg = Release|x64
		{7D1AA0F0-3EB7-430D-8CDE-9F83154323CF}.Release|x64.Build.0 = Release|x64
		{7D1AA0F0-3EB7-430D-8CDE-9F83154323CF}.Release|x86.ActiveCfg = Release|Win32
		{7D1AA0F0-3EB7-430D-8CDE-9F83154323CF}.Release|x86.Build.0 = Release|Win32
	EndGlobalSection
	GlobalSection(SolutionProperties) = preSolution
		HideSolutionNode = FALSE
	EndGlobalSection
	GlobalSection(ExtensibilityGlobals) = postSolution
		SolutionGuid = {D02EAC53-D910-4D2E-B920-C2496FBFF505}
	EndGlobalSection
EndGlobal
