
Microsoft Visual Studio Solution File, Format Version 12.00
# Visual Studio Version 17
VisualStudioVersion = 17.6.33712.159
MinimumVisualStudioVersion = 10.0.40219.1
Project("{8BC9CEB8-8B4A-11D0-8D11-00A0C91BC942}") = "StringAsArray", "StringAsArray\StringAsArray.vcxproj", "{9D3D6318-4224-4115-9B4D-AAC84248FEE0}"
EndProject
Global
	GlobalSection(SolutionConfigurationPlatforms) = preSolution
		Debug|x64 = Debug|x64
		Debug|x86 = Debug|x86
		Release|x64 = Release|x64
		Release|x86 = Release|x86
	EndGlobalSection
	GlobalSection(ProjectConfigurationPlatforms) = postSolution
		{9D3D6318-4224-4115-9B4D-AAC84248FEE0}.Debug|x64.ActiveCfg = Debug|x64
		{9D3D6318-4224-4115-9B4D-AAC84248FEE0}.Debug|x64.Build.0 = Debug|x64
		{9D3D6318-4224-4115-9B4D-AAC84248FEE0}.Debug|x86.ActiveCfg = Debug|Win32
		{9D3D6318-4224-4115-9B4D-AAC84248FEE0}.Debug|x86.Build.0 = Debug|Win32
		{9D3D6318-4224-4115-9B4D-AAC84248FEE0}.Release|x64.ActiveCfg = Release|x64
		{9D3D6318-4224-4115-9B4D-AAC84248FEE0}.Release|x64.Build.0 = Release|x64
		{9D3D6318-4224-4115-9B4D-AAC84248FEE0}.Release|x86.ActiveCfg = Release|Win32
		{9D3D6318-4224-4115-9B4D-AAC84248FEE0}.Release|x86.Build.0 = Release|Win32
	EndGlobalSection
	GlobalSection(SolutionProperties) = preSolution
		HideSolutionNode = FALSE
	EndGlobalSection
	GlobalSection(ExtensibilityGlobals) = postSolution
		SolutionGuid = {0D7B8FC9-8EF8-4647-BAAB-0A1CB9622F72}
	EndGlobalSection
EndGlobal
