
Microsoft Visual Studio Solution File, Format Version 12.00
# Visual Studio Version 17
VisualStudioVersion = 17.6.33712.159
MinimumVisualStudioVersion = 10.0.40219.1
Project("{8BC9CEB8-8B4A-11D0-8D11-00A0C91BC942}") = "StructSample_DispGraph", "StructSample_DispGraph\StructSample_DispGraph.vcxproj", "{9E7E2784-B984-4161-A950-4A1A621A8015}"
EndProject
Global
	GlobalSection(SolutionConfigurationPlatforms) = preSolution
		Debug|x64 = Debug|x64
		Debug|x86 = Debug|x86
		Release|x64 = Release|x64
		Release|x86 = Release|x86
	EndGlobalSection
	GlobalSection(ProjectConfigurationPlatforms) = postSolution
		{9E7E2784-B984-4161-A950-4A1A621A8015}.Debug|x64.ActiveCfg = Debug|x64
		{9E7E2784-B984-4161-A950-4A1A621A8015}.Debug|x64.Build.0 = Debug|x64
		{9E7E2784-B984-4161-A950-4A1A621A8015}.Debug|x86.ActiveCfg = Debug|Win32
		{9E7E2784-B984-4161-A950-4A1A621A8015}.Debug|x86.Build.0 = Debug|Win32
		{9E7E2784-B984-4161-A950-4A1A621A8015}.Release|x64.ActiveCfg = Release|x64
		{9E7E2784-B984-4161-A950-4A1A621A8015}.Release|x64.Build.0 = Release|x64
		{9E7E2784-B984-4161-A950-4A1A621A8015}.Release|x86.ActiveCfg = Release|Win32
		{9E7E2784-B984-4161-A950-4A1A621A8015}.Release|x86.Build.0 = Release|Win32
	EndGlobalSection
	GlobalSection(SolutionProperties) = preSolution
		HideSolutionNode = FALSE
	EndGlobalSection
	GlobalSection(ExtensibilityGlobals) = postSolution
		SolutionGuid = {03A5EF86-B3E0-4639-B7C4-E85FBEED6373}
	EndGlobalSection
EndGlobal
