
Microsoft Visual Studio Solution File, Format Version 12.00
# Visual Studio Version 17
VisualStudioVersion = 17.6.33712.159
MinimumVisualStudioVersion = 10.0.40219.1
Project("{8BC9CEB8-8B4A-11D0-8D11-00A0C91BC942}") = "EuclideanAlgorithm", "EuclideanAlgorithm\EuclideanAlgorithm.vcxproj", "{4E0A7879-C4AA-4005-B302-4F3856F28B5A}"
EndProject
Global
	GlobalSection(SolutionConfigurationPlatforms) = preSolution
		Debug|x64 = Debug|x64
		Debug|x86 = Debug|x86
		Release|x64 = Release|x64
		Release|x86 = Release|x86
	EndGlobalSection
	GlobalSection(ProjectConfigurationPlatforms) = postSolution
		{4E0A7879-C4AA-4005-B302-4F3856F28B5A}.Debug|x64.ActiveCfg = Debug|x64
		{4E0A7879-C4AA-4005-B302-4F3856F28B5A}.Debug|x64.Build.0 = Debug|x64
		{4E0A7879-C4AA-4005-B302-4F3856F28B5A}.Debug|x86.ActiveCfg = Debug|Win32
		{4E0A7879-C4AA-4005-B302-4F3856F28B5A}.Debug|x86.Build.0 = Debug|Win32
		{4E0A7879-C4AA-4005-B302-4F3856F28B5A}.Release|x64.ActiveCfg = Release|x64
		{4E0A7879-C4AA-4005-B302-4F3856F28B5A}.Release|x64.Build.0 = Release|x64
		{4E0A7879-C4AA-4005-B302-4F3856F28B5A}.Release|x86.ActiveCfg = Release|Win32
		{4E0A7879-C4AA-4005-B302-4F3856F28B5A}.Release|x86.Build.0 = Release|Win32
	EndGlobalSection
	GlobalSection(SolutionProperties) = preSolution
		HideSolutionNode = FALSE
	EndGlobalSection
	GlobalSection(ExtensibilityGlobals) = postSolution
		SolutionGuid = {95624396-8DA2-4DE9-B3CF-0E730748DAF8}
	EndGlobalSection
EndGlobal
