
Microsoft Visual Studio Solution File, Format Version 12.00
# Visual Studio Version 17
VisualStudioVersion = 17.6.33712.159
MinimumVisualStudioVersion = 10.0.40219.1
Project("{8BC9CEB8-8B4A-11D0-8D11-00A0C91BC942}") = "BubbleSortSample_NormalOrder", "BubbleSortSample_NormalOrder\BubbleSortSample_NormalOrder.vcxproj", "{ACDAB74B-F28C-4BE3-8453-0CC2DCBFEEEF}"
EndProject
Global
	GlobalSection(SolutionConfigurationPlatforms) = preSolution
		Debug|x64 = Debug|x64
		Debug|x86 = Debug|x86
		Release|x64 = Release|x64
		Release|x86 = Release|x86
	EndGlobalSection
	GlobalSection(ProjectConfigurationPlatforms) = postSolution
		{ACDAB74B-F28C-4BE3-8453-0CC2DCBFEEEF}.Debug|x64.ActiveCfg = Debug|x64
		{ACDAB74B-F28C-4BE3-8453-0CC2DCBFEEEF}.Debug|x64.Build.0 = Debug|x64
		{ACDAB74B-F28C-4BE3-8453-0CC2DCBFEEEF}.Debug|x86.ActiveCfg = Debug|Win32
		{ACDAB74B-F28C-4BE3-8453-0CC2DCBFEEEF}.Debug|x86.Build.0 = Debug|Win32
		{ACDAB74B-F28C-4BE3-8453-0CC2DCBFEEEF}.Release|x64.ActiveCfg = Release|x64
		{ACDAB74B-F28C-4BE3-8453-0CC2DCBFEEEF}.Release|x64.Build.0 = Release|x64
		{ACDAB74B-F28C-4BE3-8453-0CC2DCBFEEEF}.Release|x86.ActiveCfg = Release|Win32
		{ACDAB74B-F28C-4BE3-8453-0CC2DCBFEEEF}.Release|x86.Build.0 = Release|Win32
	EndGlobalSection
	GlobalSection(SolutionProperties) = preSolution
		HideSolutionNode = FALSE
	EndGlobalSection
	GlobalSection(ExtensibilityGlobals) = postSolution
		SolutionGuid = {309D49EB-E6B9-43B6-B708-039BD0A38B20}
	EndGlobalSection
EndGlobal
